
Microsoft Visual Studio Solution File, Format Version 12.00
# Visual Studio Version 17
VisualStudioVersion = 17.11.35312.102
MinimumVisualStudioVersion = 10.0.40219.1
Project("{FAE04EC0-301F-11D3-BF4B-00C04F79EFBC}") = "Command Pattern", "Command Pattern.csproj", "{70A27197-6F2F-4415-BC5A-C89C6EE47DD8}"
EndProject
Global
	GlobalSection(SolutionConfigurationPlatforms) = preSolution
		Debug|Any CPU = Debug|Any CPU
		Release|Any CPU = Release|Any CPU
	EndGlobalSection
	GlobalSection(ProjectConfigurationPlatforms) = postSolution
		{70A27197-6F2F-4415-BC5A-C89C6EE47DD8}.Debug|Any CPU.ActiveCfg = Debug|Any CPU
		{70A27197-6F2F-4415-BC5A-C89C6EE47DD8}.Debug|Any CPU.Build.0 = Debug|Any CPU
		{70A27197-6F2F-4415-BC5A-C89C6EE47DD8}.Release|Any CPU.ActiveCfg = Release|Any CPU
		{70A27197-6F2F-4415-BC5A-C89C6EE47DD8}.Release|Any CPU.Build.0 = Release|Any CPU
	EndGlobalSection
	GlobalSection(SolutionProperties) = preSolution
		HideSolutionNode = FALSE
	EndGlobalSection
	GlobalSection(ExtensibilityGlobals) = postSolution
		SolutionGuid = {F6690298-21BB-4352-A8A4-F08D19928618}
	EndGlobalSection
EndGlobal
