
Microsoft Visual Studio Solution File, Format Version 12.00
# Visual Studio Version 17
VisualStudioVersion = 17.11.35312.102
MinimumVisualStudioVersion = 10.0.40219.1
Project("{FAE04EC0-301F-11D3-BF4B-00C04F79EFBC}") = "Mediator Pattern", "Mediator Pattern.csproj", "{FAD9790C-2289-495E-A710-9D6363D860E2}"
EndProject
Global
	GlobalSection(SolutionConfigurationPlatforms) = preSolution
		Debug|Any CPU = Debug|Any CPU
		Release|Any CPU = Release|Any CPU
	EndGlobalSection
	GlobalSection(ProjectConfigurationPlatforms) = postSolution
		{FAD9790C-2289-495E-A710-9D6363D860E2}.Debug|Any CPU.ActiveCfg = Debug|Any CPU
		{FAD9790C-2289-495E-A710-9D6363D860E2}.Debug|Any CPU.Build.0 = Debug|Any CPU
		{FAD9790C-2289-495E-A710-9D6363D860E2}.Release|Any CPU.ActiveCfg = Release|Any CPU
		{FAD9790C-2289-495E-A710-9D6363D860E2}.Release|Any CPU.Build.0 = Release|Any CPU
	EndGlobalSection
	GlobalSection(SolutionProperties) = preSolution
		HideSolutionNode = FALSE
	EndGlobalSection
	GlobalSection(ExtensibilityGlobals) = postSolution
		SolutionGuid = {7E822540-4153-4520-9579-95FCFB28EBD4}
	EndGlobalSection
EndGlobal
