
Microsoft Visual Studio Solution File, Format Version 12.00
# Visual Studio Version 17
VisualStudioVersion = 17.11.35312.102
MinimumVisualStudioVersion = 10.0.40219.1
Project("{FAE04EC0-301F-11D3-BF4B-00C04F79EFBC}") = "Chain of Responsabilities Pattern", "Chain of Responsabilities Pattern.csproj", "{EA3246E0-0A8B-4940-8D71-0627437671FE}"
EndProject
Global
	GlobalSection(SolutionConfigurationPlatforms) = preSolution
		Debug|Any CPU = Debug|Any CPU
		Release|Any CPU = Release|Any CPU
	EndGlobalSection
	GlobalSection(ProjectConfigurationPlatforms) = postSolution
		{EA3246E0-0A8B-4940-8D71-0627437671FE}.Debug|Any CPU.ActiveCfg = Debug|Any CPU
		{EA3246E0-0A8B-4940-8D71-0627437671FE}.Debug|Any CPU.Build.0 = Debug|Any CPU
		{EA3246E0-0A8B-4940-8D71-0627437671FE}.Release|Any CPU.ActiveCfg = Release|Any CPU
		{EA3246E0-0A8B-4940-8D71-0627437671FE}.Release|Any CPU.Build.0 = Release|Any CPU
	EndGlobalSection
	GlobalSection(SolutionProperties) = preSolution
		HideSolutionNode = FALSE
	EndGlobalSection
	GlobalSection(ExtensibilityGlobals) = postSolution
		SolutionGuid = {F0B2C159-C354-4E35-B071-FEFBC44C12ED}
	EndGlobalSection
EndGlobal
