
Microsoft Visual Studio Solution File, Format Version 12.00
# Visual Studio Version 17
VisualStudioVersion = 17.11.35312.102
MinimumVisualStudioVersion = 10.0.40219.1
Project("{FAE04EC0-301F-11D3-BF4B-00C04F79EFBC}") = "Builder Pattern", "Builder Pattern.csproj", "{79BEAA0A-D638-4405-98CF-E4009957564B}"
EndProject
Global
	GlobalSection(SolutionConfigurationPlatforms) = preSolution
		Debug|Any CPU = Debug|Any CPU
		Release|Any CPU = Release|Any CPU
	EndGlobalSection
	GlobalSection(ProjectConfigurationPlatforms) = postSolution
		{79BEAA0A-D638-4405-98CF-E4009957564B}.Debug|Any CPU.ActiveCfg = Debug|Any CPU
		{79BEAA0A-D638-4405-98CF-E4009957564B}.Debug|Any CPU.Build.0 = Debug|Any CPU
		{79BEAA0A-D638-4405-98CF-E4009957564B}.Release|Any CPU.ActiveCfg = Release|Any CPU
		{79BEAA0A-D638-4405-98CF-E4009957564B}.Release|Any CPU.Build.0 = Release|Any CPU
	EndGlobalSection
	GlobalSection(SolutionProperties) = preSolution
		HideSolutionNode = FALSE
	EndGlobalSection
	GlobalSection(ExtensibilityGlobals) = postSolution
		SolutionGuid = {34AA56AF-EBEC-46EB-934E-5DDF9CDE90DF}
	EndGlobalSection
EndGlobal
